
Microsoft Visual Studio Solution File, Format Version 12.00
# Visual Studio 15
Project("{FAE04EC0-301F-11D3-BF4B-00C04F79EFBC}") = "Assembly-CSharp", "Assembly-CSharp.csproj", "{BCC49BAC-ABBA-6CD5-CC60-D8B7738E7233}"
EndProject
Project("{FAE04EC0-301F-11D3-BF4B-00C04F79EFBC}") = "Sirenix.OdinInspector.CompatibilityLayer", "Sirenix.OdinInspector.CompatibilityLayer.csproj", "{2F7D1FDC-6E4D-66A9-1E5A-76DEA5226179}"
EndProject
Project("{FAE04EC0-301F-11D3-BF4B-00C04F79EFBC}") = "Sirenix.OdinInspector.CompatibilityLayer.Editor", "Sirenix.OdinInspector.CompatibilityLayer.Editor.csproj", "{6686A9EF-207B-0D89-E1BA-A23DD4A77797}"
EndProject
Global
	GlobalSection(SolutionConfigurationPlatforms) = preSolution
		Debug|Any CPU = Debug|Any CPU
		Release|Any CPU = Release|Any CPU
	EndGlobalSection
	GlobalSection(ProjectConfigurationPlatforms) = postSolution
		{BCC49BAC-ABBA-6CD5-CC60-D8B7738E7233}.Debug|Any CPU.ActiveCfg = Debug|Any CPU
		{BCC49BAC-ABBA-6CD5-CC60-D8B7738E7233}.Debug|Any CPU.Build.0 = Debug|Any CPU
		{BCC49BAC-ABBA-6CD5-CC60-D8B7738E7233}.Release|Any CPU.ActiveCfg = Release|Any CPU
		{BCC49BAC-ABBA-6CD5-CC60-D8B7738E7233}.Release|Any CPU.Build.0 = Release|Any CPU
		{2F7D1FDC-6E4D-66A9-1E5A-76DEA5226179}.Debug|Any CPU.ActiveCfg = Debug|Any CPU
		{2F7D1FDC-6E4D-66A9-1E5A-76DEA5226179}.Debug|Any CPU.Build.0 = Debug|Any CPU
		{2F7D1FDC-6E4D-66A9-1E5A-76DEA5226179}.Release|Any CPU.ActiveCfg = Release|Any CPU
		{2F7D1FDC-6E4D-66A9-1E5A-76DEA5226179}.Release|Any CPU.Build.0 = Release|Any CPU
		{6686A9EF-207B-0D89-E1BA-A23DD4A77797}.Debug|Any CPU.ActiveCfg = Debug|Any CPU
		{6686A9EF-207B-0D89-E1BA-A23DD4A77797}.Debug|Any CPU.Build.0 = Debug|Any CPU
		{6686A9EF-207B-0D89-E1BA-A23DD4A77797}.Release|Any CPU.ActiveCfg = Release|Any CPU
		{6686A9EF-207B-0D89-E1BA-A23DD4A77797}.Release|Any CPU.Build.0 = Release|Any CPU
	EndGlobalSection
	GlobalSection(SolutionProperties) = preSolution
		HideSolutionNode = FALSE
	EndGlobalSection
EndGlobal
